
Microsoft Visual Studio Solution File, Format Version 12.00
# Visual Studio Version 17
VisualStudioVersion = 17.6.33801.468
MinimumVisualStudioVersion = 10.0.40219.1
Project("{FAE04EC0-301F-11D3-BF4B-00C04F79EFBC}") = "Payments_URWay_Using_CSharp", "Payments_URWay\Payments_URWay_Using_CSharp.csproj", "{D10935CD-DB41-4F9C-AE84-ACF3B2C6B9FF}"
EndProject
Global
	GlobalSection(SolutionConfigurationPlatforms) = preSolution
		Debug|Any CPU = Debug|Any CPU
		Release|Any CPU = Release|Any CPU
	EndGlobalSection
	GlobalSection(ProjectConfigurationPlatforms) = postSolution
		{D10935CD-DB41-4F9C-AE84-ACF3B2C6B9FF}.Debug|Any CPU.ActiveCfg = Debug|Any CPU
		{D10935CD-DB41-4F9C-AE84-ACF3B2C6B9FF}.Debug|Any CPU.Build.0 = Debug|Any CPU
		{D10935CD-DB41-4F9C-AE84-ACF3B2C6B9FF}.Release|Any CPU.ActiveCfg = Release|Any CPU
		{D10935CD-DB41-4F9C-AE84-ACF3B2C6B9FF}.Release|Any CPU.Build.0 = Release|Any CPU
	EndGlobalSection
	GlobalSection(SolutionProperties) = preSolution
		HideSolutionNode = FALSE
	EndGlobalSection
	GlobalSection(ExtensibilityGlobals) = postSolution
		SolutionGuid = {CCF7851C-F577-4AEA-B424-31C198A42554}
	EndGlobalSection
EndGlobal
